
Microsoft Visual Studio Solution File, Format Version 12.00
# Visual Studio 2013
VisualStudioVersion = 12.0.21005.1
MinimumVisualStudioVersion = 10.0.40219.1
Project("{FAE04EC0-301F-11D3-BF4B-00C04F79EFBC}") = "RestaurantManagementProject", "RestaurantManagementProject\RestaurantManagementProject.csproj", "{5979C208-D2AC-47C1-99E5-2A519548B53C}"
EndProject
Project("{FAE04EC0-301F-11D3-BF4B-00C04F79EFBC}") = "BusinessLogic", "BusinessLogic\BusinessLogic.csproj", "{F6480244-A934-4BC1-B099-3A49637A7FE0}"
EndProject
Project("{FAE04EC0-301F-11D3-BF4B-00C04F79EFBC}") = "DataAccess", "DataAccess\DataAccess.csproj", "{B4B8A30C-32B5-4D37-B245-72BF00D16B18}"
EndProject
Global
	GlobalSection(SolutionConfigurationPlatforms) = preSolution
		Debug|Any CPU = Debug|Any CPU
		Release|Any CPU = Release|Any CPU
	EndGlobalSection
	GlobalSection(ProjectConfigurationPlatforms) = postSolution
		{5979C208-D2AC-47C1-99E5-2A519548B53C}.Debug|Any CPU.ActiveCfg = Debug|Any CPU
		{5979C208-D2AC-47C1-99E5-2A519548B53C}.Debug|Any CPU.Build.0 = Debug|Any CPU
		{5979C208-D2AC-47C1-99E5-2A519548B53C}.Release|Any CPU.ActiveCfg = Release|Any CPU
		{5979C208-D2AC-47C1-99E5-2A519548B53C}.Release|Any CPU.Build.0 = Release|Any CPU
		{F6480244-A934-4BC1-B099-3A49637A7FE0}.Debug|Any CPU.ActiveCfg = Debug|Any CPU
		{F6480244-A934-4BC1-B099-3A49637A7FE0}.Debug|Any CPU.Build.0 = Debug|Any CPU
		{F6480244-A934-4BC1-B099-3A49637A7FE0}.Release|Any CPU.ActiveCfg = Release|Any CPU
		{F6480244-A934-4BC1-B099-3A49637A7FE0}.Release|Any CPU.Build.0 = Release|Any CPU
		{B4B8A30C-32B5-4D37-B245-72BF00D16B18}.Debug|Any CPU.ActiveCfg = Debug|Any CPU
		{B4B8A30C-32B5-4D37-B245-72BF00D16B18}.Debug|Any CPU.Build.0 = Debug|Any CPU
		{B4B8A30C-32B5-4D37-B245-72BF00D16B18}.Release|Any CPU.ActiveCfg = Release|Any CPU
		{B4B8A30C-32B5-4D37-B245-72BF00D16B18}.Release|Any CPU.Build.0 = Release|Any CPU
	EndGlobalSection
	GlobalSection(SolutionProperties) = preSolution
		HideSolutionNode = FALSE
	EndGlobalSection
EndGlobal
